
Microsoft Visual Studio Solution File, Format Version 12.00
# Visual Studio Version 16
VisualStudioVersion = 16.0.29728.190
MinimumVisualStudioVersion = 10.0.40219.1
Project("{159641D6-6404-4A2A-AE62-294DE0FE8301}") = "ETLExample", "ETLExample.dtproj", "{E3664960-4C60-4DFA-B58D-E37F4A4DB1C3}"
EndProject
Global
	GlobalSection(SolutionConfigurationPlatforms) = preSolution
		Development|Default = Development|Default
	EndGlobalSection
	GlobalSection(ProjectConfigurationPlatforms) = postSolution
		{E3664960-4C60-4DFA-B58D-E37F4A4DB1C3}.Development|Default.ActiveCfg = Development
		{E3664960-4C60-4DFA-B58D-E37F4A4DB1C3}.Development|Default.Build.0 = Development
	EndGlobalSection
	GlobalSection(SolutionProperties) = preSolution
		HideSolutionNode = FALSE
	EndGlobalSection
	GlobalSection(ExtensibilityGlobals) = postSolution
		SolutionGuid = {828EC48D-62AB-4B18-8BB5-FBDE65F113DF}
	EndGlobalSection
EndGlobal
